
Microsoft Visual Studio Solution File, Format Version 12.00
# Visual Studio Version 17
VisualStudioVersion = 17.11.35327.3
MinimumVisualStudioVersion = 10.0.40219.1
Project("{9A19103F-16F7-4668-BE54-9A1E7A4F7556}") = "MySimpleDictionary", "MySimpleDictionary\MySimpleDictionary.csproj", "{DA55D28E-8757-4448-BA93-279AF22D8935}"
EndProject
Project("{FAE04EC0-301F-11D3-BF4B-00C04F79EFBC}") = "BenchmarkTests", "BenchmarkTests\BenchmarkTests.csproj", "{A90BA33A-8DC7-4465-A002-9E08D520AB87}"
EndProject
Global
	GlobalSection(SolutionConfigurationPlatforms) = preSolution
		Debug|Any CPU = Debug|Any CPU
		Release|Any CPU = Release|Any CPU
	EndGlobalSection
	GlobalSection(ProjectConfigurationPlatforms) = postSolution
		{DA55D28E-8757-4448-BA93-279AF22D8935}.Debug|Any CPU.ActiveCfg = Debug|Any CPU
		{DA55D28E-8757-4448-BA93-279AF22D8935}.Debug|Any CPU.Build.0 = Debug|Any CPU
		{DA55D28E-8757-4448-BA93-279AF22D8935}.Release|Any CPU.ActiveCfg = Release|Any CPU
		{DA55D28E-8757-4448-BA93-279AF22D8935}.Release|Any CPU.Build.0 = Release|Any CPU
		{A90BA33A-8DC7-4465-A002-9E08D520AB87}.Debug|Any CPU.ActiveCfg = Debug|Any CPU
		{A90BA33A-8DC7-4465-A002-9E08D520AB87}.Debug|Any CPU.Build.0 = Debug|Any CPU
		{A90BA33A-8DC7-4465-A002-9E08D520AB87}.Release|Any CPU.ActiveCfg = Release|Any CPU
		{A90BA33A-8DC7-4465-A002-9E08D520AB87}.Release|Any CPU.Build.0 = Release|Any CPU
	EndGlobalSection
	GlobalSection(SolutionProperties) = preSolution
		HideSolutionNode = FALSE
	EndGlobalSection
	GlobalSection(ExtensibilityGlobals) = postSolution
		SolutionGuid = {170A8FEE-28A0-4CA8-B6FE-3084A2F0E3F4}
	EndGlobalSection
EndGlobal
